
Microsoft Visual Studio Solution File, Format Version 12.00
# Visual Studio Version 17
VisualStudioVersion = 17.13.35806.99
MinimumVisualStudioVersion = 10.0.40219.1
Project("{FAE04EC0-301F-11D3-BF4B-00C04F79EFBC}") = "Projekt", "Projekt\Projekt.csproj", "{D4C86F9F-6D19-4AAC-A837-F13B730B662B}"
EndProject
Project("{2150E333-8FDC-42A3-9474-1A3956D46DE8}") = "Solution Items", "Solution Items", "{8EC462FD-D22E-90A8-E5CE-7E832BA40C5D}"
EndProject
Global
	GlobalSection(SolutionConfigurationPlatforms) = preSolution
		Debug|Any CPU = Debug|Any CPU
		Release|Any CPU = Release|Any CPU
	EndGlobalSection
	GlobalSection(ProjectConfigurationPlatforms) = postSolution
		{D4C86F9F-6D19-4AAC-A837-F13B730B662B}.Debug|Any CPU.ActiveCfg = Debug|Any CPU
		{D4C86F9F-6D19-4AAC-A837-F13B730B662B}.Debug|Any CPU.Build.0 = Debug|Any CPU
		{D4C86F9F-6D19-4AAC-A837-F13B730B662B}.Release|Any CPU.ActiveCfg = Release|Any CPU
		{D4C86F9F-6D19-4AAC-A837-F13B730B662B}.Release|Any CPU.Build.0 = Release|Any CPU
	EndGlobalSection
	GlobalSection(SolutionProperties) = preSolution
		HideSolutionNode = FALSE
	EndGlobalSection
	GlobalSection(ExtensibilityGlobals) = postSolution
		SolutionGuid = {E9C0F185-DAEC-4B9E-BFA9-751D45080C89}
	EndGlobalSection
EndGlobal
